
Microsoft Visual Studio Solution File, Format Version 12.00
# Visual Studio Version 16
VisualStudioVersion = 16.0.30717.126
MinimumVisualStudioVersion = 10.0.40219.1
Project("{FAE04EC0-301F-11D3-BF4B-00C04F79EFBC}") = "FirstPractice", "FirstPractice\FirstPractice.csproj", "{1CF39493-0EB5-43E7-AED4-C551E41005DF}"
EndProject
Global
	GlobalSection(SolutionConfigurationPlatforms) = preSolution
		Debug|Any CPU = Debug|Any CPU
		Release|Any CPU = Release|Any CPU
	EndGlobalSection
	GlobalSection(ProjectConfigurationPlatforms) = postSolution
		{1CF39493-0EB5-43E7-AED4-C551E41005DF}.Debug|Any CPU.ActiveCfg = Debug|Any CPU
		{1CF39493-0EB5-43E7-AED4-C551E41005DF}.Debug|Any CPU.Build.0 = Debug|Any CPU
		{1CF39493-0EB5-43E7-AED4-C551E41005DF}.Release|Any CPU.ActiveCfg = Release|Any CPU
		{1CF39493-0EB5-43E7-AED4-C551E41005DF}.Release|Any CPU.Build.0 = Release|Any CPU
	EndGlobalSection
	GlobalSection(SolutionProperties) = preSolution
		HideSolutionNode = FALSE
	EndGlobalSection
	GlobalSection(ExtensibilityGlobals) = postSolution
		SolutionGuid = {CB626EAE-AD8B-4B03-A837-866A94B2890D}
	EndGlobalSection
EndGlobal
